
Microsoft Visual Studio Solution File, Format Version 12.00
# Visual Studio 15
VisualStudioVersion = 15.0.26124.0
MinimumVisualStudioVersion = 15.0.26124.0
Project("{2150E333-8FDC-42A3-9474-1A3956D46DE8}") = "src", "src", "{C2F4A299-6A1E-4EA0-9692-AC4AD1F59594}"
EndProject
Project("{F2A71F9B-5D33-465A-A702-920D77279786}") = "Giraffe", "src\Giraffe\Giraffe.fsproj", "{DEFEC4D5-3FE9-4B2B-9E13-7D907B83C2C0}"
EndProject
Project("{2150E333-8FDC-42A3-9474-1A3956D46DE8}") = "tests", "tests", "{359FBC3B-34FA-42F9-B242-5D22667BA2CB}"
EndProject
Project("{F2A71F9B-5D33-465A-A702-920D77279786}") = "Giraffe.Tests", "tests\Giraffe.Tests\Giraffe.Tests.fsproj", "{A11AE234-E5DB-44E8-AFE3-F3E4B5B6C633}"
EndProject
Project("{2150E333-8FDC-42A3-9474-1A3956D46DE8}") = "samples", "samples", "{A44C30F8-D688-48C6-86C0-BE0219CD895D}"
EndProject
Project("{2150E333-8FDC-42A3-9474-1A3956D46DE8}") = "IdentityApp", "IdentityApp", "{95A573B0-1AFA-4C6D-B823-97EA8FB917DC}"
EndProject
Project("{F2A71F9B-5D33-465A-A702-920D77279786}") = "IdentityApp", "samples\IdentityApp\IdentityApp\IdentityApp.fsproj", "{09776FA4-943B-482D-BA5C-D07EA3CF0941}"
EndProject
Project("{2150E333-8FDC-42A3-9474-1A3956D46DE8}") = "JwtApp", "JwtApp", "{C3B017A2-183F-432C-9C56-6E9D82806E06}"
EndProject
Project("{F2A71F9B-5D33-465A-A702-920D77279786}") = "JwtApp", "samples\JwtApp\JwtApp\JwtApp.fsproj", "{EDDAAE73-1309-4ECE-B439-ADC3BEBFB3D0}"
EndProject
Project("{2150E333-8FDC-42A3-9474-1A3956D46DE8}") = "SampleApp", "SampleApp", "{935CF31A-6B77-4C36-B246-CE168902603B}"
EndProject
Project("{F2A71F9B-5D33-465A-A702-920D77279786}") = "SampleApp", "samples\SampleApp\SampleApp\SampleApp.fsproj", "{7B5E37A4-65D1-4DAF-AA69-E595510DE5E5}"
EndProject
Project("{F2A71F9B-5D33-465A-A702-920D77279786}") = "SampleApp.Tests", "samples\SampleApp\SampleApp.Tests\SampleApp.Tests.fsproj", "{FAB2EAC0-222E-4E57-A709-3DA17DD7A55A}"
EndProject
Global
	GlobalSection(SolutionConfigurationPlatforms) = preSolution
		Debug|Any CPU = Debug|Any CPU
		Debug|x64 = Debug|x64
		Debug|x86 = Debug|x86
		Release|Any CPU = Release|Any CPU
		Release|x64 = Release|x64
		Release|x86 = Release|x86
	EndGlobalSection
	GlobalSection(SolutionProperties) = preSolution
		HideSolutionNode = FALSE
	EndGlobalSection
	GlobalSection(ProjectConfigurationPlatforms) = postSolution
		{DEFEC4D5-3FE9-4B2B-9E13-7D907B83C2C0}.Debug|Any CPU.ActiveCfg = Debug|Any CPU
		{DEFEC4D5-3FE9-4B2B-9E13-7D907B83C2C0}.Debug|Any CPU.Build.0 = Debug|Any CPU
		{DEFEC4D5-3FE9-4B2B-9E13-7D907B83C2C0}.Debug|x64.ActiveCfg = Debug|x64
		{DEFEC4D5-3FE9-4B2B-9E13-7D907B83C2C0}.Debug|x64.Build.0 = Debug|x64
		{DEFEC4D5-3FE9-4B2B-9E13-7D907B83C2C0}.Debug|x86.ActiveCfg = Debug|x86
		{DEFEC4D5-3FE9-4B2B-9E13-7D907B83C2C0}.Debug|x86.Build.0 = Debug|x86
		{DEFEC4D5-3FE9-4B2B-9E13-7D907B83C2C0}.Release|Any CPU.ActiveCfg = Release|Any CPU
		{DEFEC4D5-3FE9-4B2B-9E13-7D907B83C2C0}.Release|Any CPU.Build.0 = Release|Any CPU
		{DEFEC4D5-3FE9-4B2B-9E13-7D907B83C2C0}.Release|x64.ActiveCfg = Release|x64
		{DEFEC4D5-3FE9-4B2B-9E13-7D907B83C2C0}.Release|x64.Build.0 = Release|x64
		{DEFEC4D5-3FE9-4B2B-9E13-7D907B83C2C0}.Release|x86.ActiveCfg = Release|x86
		{DEFEC4D5-3FE9-4B2B-9E13-7D907B83C2C0}.Release|x86.Build.0 = Release|x86
		{A11AE234-E5DB-44E8-AFE3-F3E4B5B6C633}.Debug|Any CPU.ActiveCfg = Debug|Any CPU
		{A11AE234-E5DB-44E8-AFE3-F3E4B5B6C633}.Debug|Any CPU.Build.0 = Debug|Any CPU
		{A11AE234-E5DB-44E8-AFE3-F3E4B5B6C633}.Debug|x64.ActiveCfg = Debug|x64
		{A11AE234-E5DB-44E8-AFE3-F3E4B5B6C633}.Debug|x64.Build.0 = Debug|x64
		{A11AE234-E5DB-44E8-AFE3-F3E4B5B6C633}.Debug|x86.ActiveCfg = Debug|x86
		{A11AE234-E5DB-44E8-AFE3-F3E4B5B6C633}.Debug|x86.Build.0 = Debug|x86
		{A11AE234-E5DB-44E8-AFE3-F3E4B5B6C633}.Release|Any CPU.ActiveCfg = Release|Any CPU
		{A11AE234-E5DB-44E8-AFE3-F3E4B5B6C633}.Release|Any CPU.Build.0 = Release|Any CPU
		{A11AE234-E5DB-44E8-AFE3-F3E4B5B6C633}.Release|x64.ActiveCfg = Release|x64
		{A11AE234-E5DB-44E8-AFE3-F3E4B5B6C633}.Release|x64.Build.0 = Release|x64
		{A11AE234-E5DB-44E8-AFE3-F3E4B5B6C633}.Release|x86.ActiveCfg = Release|x86
		{A11AE234-E5DB-44E8-AFE3-F3E4B5B6C633}.Release|x86.Build.0 = Release|x86
		{09776FA4-943B-482D-BA5C-D07EA3CF0941}.Debug|Any CPU.ActiveCfg = Debug|Any CPU
		{09776FA4-943B-482D-BA5C-D07EA3CF0941}.Debug|Any CPU.Build.0 = Debug|Any CPU
		{09776FA4-943B-482D-BA5C-D07EA3CF0941}.Debug|x64.ActiveCfg = Debug|x64
		{09776FA4-943B-482D-BA5C-D07EA3CF0941}.Debug|x64.Build.0 = Debug|x64
		{09776FA4-943B-482D-BA5C-D07EA3CF0941}.Debug|x86.ActiveCfg = Debug|x86
		{09776FA4-943B-482D-BA5C-D07EA3CF0941}.Debug|x86.Build.0 = Debug|x86
		{09776FA4-943B-482D-BA5C-D07EA3CF0941}.Release|Any CPU.ActiveCfg = Release|Any CPU
		{09776FA4-943B-482D-BA5C-D07EA3CF0941}.Release|Any CPU.Build.0 = Release|Any CPU
		{09776FA4-943B-482D-BA5C-D07EA3CF0941}.Release|x64.ActiveCfg = Release|x64
		{09776FA4-943B-482D-BA5C-D07EA3CF0941}.Release|x64.Build.0 = Release|x64
		{09776FA4-943B-482D-BA5C-D07EA3CF0941}.Release|x86.ActiveCfg = Release|x86
		{09776FA4-943B-482D-BA5C-D07EA3CF0941}.Release|x86.Build.0 = Release|x86
		{EDDAAE73-1309-4ECE-B439-ADC3BEBFB3D0}.Debug|Any CPU.ActiveCfg = Debug|Any CPU
		{EDDAAE73-1309-4ECE-B439-ADC3BEBFB3D0}.Debug|Any CPU.Build.0 = Debug|Any CPU
		{EDDAAE73-1309-4ECE-B439-ADC3BEBFB3D0}.Debug|x64.ActiveCfg = Debug|x64
		{EDDAAE73-1309-4ECE-B439-ADC3BEBFB3D0}.Debug|x64.Build.0 = Debug|x64
		{EDDAAE73-1309-4ECE-B439-ADC3BEBFB3D0}.Debug|x86.ActiveCfg = Debug|x86
		{EDDAAE73-1309-4ECE-B439-ADC3BEBFB3D0}.Debug|x86.Build.0 = Debug|x86
		{EDDAAE73-1309-4ECE-B439-ADC3BEBFB3D0}.Release|Any CPU.ActiveCfg = Release|Any CPU
		{EDDAAE73-1309-4ECE-B439-ADC3BEBFB3D0}.Release|Any CPU.Build.0 = Release|Any CPU
		{EDDAAE73-1309-4ECE-B439-ADC3BEBFB3D0}.Release|x64.ActiveCfg = Release|x64
		{EDDAAE73-1309-4ECE-B439-ADC3BEBFB3D0}.Release|x64.Build.0 = Release|x64
		{EDDAAE73-1309-4ECE-B439-ADC3BEBFB3D0}.Release|x86.ActiveCfg = Release|x86
		{EDDAAE73-1309-4ECE-B439-ADC3BEBFB3D0}.Release|x86.Build.0 = Release|x86
		{7B5E37A4-65D1-4DAF-AA69-E595510DE5E5}.Debug|Any CPU.ActiveCfg = Debug|Any CPU
		{7B5E37A4-65D1-4DAF-AA69-E595510DE5E5}.Debug|Any CPU.Build.0 = Debug|Any CPU
		{7B5E37A4-65D1-4DAF-AA69-E595510DE5E5}.Debug|x64.ActiveCfg = Debug|x64
		{7B5E37A4-65D1-4DAF-AA69-E595510DE5E5}.Debug|x64.Build.0 = Debug|x64
		{7B5E37A4-65D1-4DAF-AA69-E595510DE5E5}.Debug|x86.ActiveCfg = Debug|x86
		{7B5E37A4-65D1-4DAF-AA69-E595510DE5E5}.Debug|x86.Build.0 = Debug|x86
		{7B5E37A4-65D1-4DAF-AA69-E595510DE5E5}.Release|Any CPU.ActiveCfg = Release|Any CPU
		{7B5E37A4-65D1-4DAF-AA69-E595510DE5E5}.Release|Any CPU.Build.0 = Release|Any CPU
		{7B5E37A4-65D1-4DAF-AA69-E595510DE5E5}.Release|x64.ActiveCfg = Release|x64
		{7B5E37A4-65D1-4DAF-AA69-E595510DE5E5}.Release|x64.Build.0 = Release|x64
		{7B5E37A4-65D1-4DAF-AA69-E595510DE5E5}.Release|x86.ActiveCfg = Release|x86
		{7B5E37A4-65D1-4DAF-AA69-E595510DE5E5}.Release|x86.Build.0 = Release|x86
		{FAB2EAC0-222E-4E57-A709-3DA17DD7A55A}.Debug|Any CPU.ActiveCfg = Debug|Any CPU
		{FAB2EAC0-222E-4E57-A709-3DA17DD7A55A}.Debug|Any CPU.Build.0 = Debug|Any CPU
		{FAB2EAC0-222E-4E57-A709-3DA17DD7A55A}.Debug|x64.ActiveCfg = Debug|x64
		{FAB2EAC0-222E-4E57-A709-3DA17DD7A55A}.Debug|x64.Build.0 = Debug|x64
		{FAB2EAC0-222E-4E57-A709-3DA17DD7A55A}.Debug|x86.ActiveCfg = Debug|x86
		{FAB2EAC0-222E-4E57-A709-3DA17DD7A55A}.Debug|x86.Build.0 = Debug|x86
		{FAB2EAC0-222E-4E57-A709-3DA17DD7A55A}.Release|Any CPU.ActiveCfg = Release|Any CPU
		{FAB2EAC0-222E-4E57-A709-3DA17DD7A55A}.Release|Any CPU.Build.0 = Release|Any CPU
		{FAB2EAC0-222E-4E57-A709-3DA17DD7A55A}.Release|x64.ActiveCfg = Release|x64
		{FAB2EAC0-222E-4E57-A709-3DA17DD7A55A}.Release|x64.Build.0 = Release|x64
		{FAB2EAC0-222E-4E57-A709-3DA17DD7A55A}.Release|x86.ActiveCfg = Release|x86
		{FAB2EAC0-222E-4E57-A709-3DA17DD7A55A}.Release|x86.Build.0 = Release|x86
	EndGlobalSection
	GlobalSection(NestedProjects) = preSolution
		{DEFEC4D5-3FE9-4B2B-9E13-7D907B83C2C0} = {C2F4A299-6A1E-4EA0-9692-AC4AD1F59594}
		{A11AE234-E5DB-44E8-AFE3-F3E4B5B6C633} = {359FBC3B-34FA-42F9-B242-5D22667BA2CB}
		{95A573B0-1AFA-4C6D-B823-97EA8FB917DC} = {A44C30F8-D688-48C6-86C0-BE0219CD895D}
		{09776FA4-943B-482D-BA5C-D07EA3CF0941} = {95A573B0-1AFA-4C6D-B823-97EA8FB917DC}
		{C3B017A2-183F-432C-9C56-6E9D82806E06} = {A44C30F8-D688-48C6-86C0-BE0219CD895D}
		{EDDAAE73-1309-4ECE-B439-ADC3BEBFB3D0} = {C3B017A2-183F-432C-9C56-6E9D82806E06}
		{935CF31A-6B77-4C36-B246-CE168902603B} = {A44C30F8-D688-48C6-86C0-BE0219CD895D}
		{7B5E37A4-65D1-4DAF-AA69-E595510DE5E5} = {935CF31A-6B77-4C36-B246-CE168902603B}
		{FAB2EAC0-222E-4E57-A709-3DA17DD7A55A} = {935CF31A-6B77-4C36-B246-CE168902603B}
	EndGlobalSection
EndGlobal
